
Microsoft Visual Studio Solution File, Format Version 12.00
# Visual Studio Version 17
VisualStudioVersion = 17.4.33205.214
MinimumVisualStudioVersion = 10.0.40219.1
Project("{2150E333-8FDC-42A3-9474-1A3956D46DE8}") = "Gateway", "Gateway", "{35C03AC3-4171-45FF-AE16-B444D863DC30}"
EndProject
Project("{2150E333-8FDC-42A3-9474-1A3956D46DE8}") = "Shared", "Shared", "{325A22B8-23E9-44E2-A041-FC9285932827}"
EndProject
Project("{2150E333-8FDC-42A3-9474-1A3956D46DE8}") = "Services", "Services", "{8661BE6F-1BDD-4B18-A106-EA8FABE2FF87}"
EndProject
Project("{FAE04EC0-301F-11D3-BF4B-00C04F79EFBC}") = "Application", "Application\Application.csproj", "{5365BAD6-BEB2-4A9C-B681-C0844AC84C13}"
EndProject
Project("{FAE04EC0-301F-11D3-BF4B-00C04F79EFBC}") = "Domain", "Domain\Domain.csproj", "{E8605296-C9CC-4E13-8948-B6957B3EAEF6}"
EndProject
Project("{FAE04EC0-301F-11D3-BF4B-00C04F79EFBC}") = "Persistence", "Persistence\Persistence.csproj", "{C4C45571-91F2-44D9-A286-44AFB2898633}"
EndProject
Project("{FAE04EC0-301F-11D3-BF4B-00C04F79EFBC}") = "Shared", "Shared\Shared.csproj", "{6D6C6705-EC12-4F99-9654-DFDF64DD88EF}"
EndProject
Project("{FAE04EC0-301F-11D3-BF4B-00C04F79EFBC}") = "API", "API\API.csproj", "{F5F881E8-4EF8-442F-B8B5-2938E0D2756C}"
EndProject
Project("{FAE04EC0-301F-11D3-BF4B-00C04F79EFBC}") = "ApiGateway", "ApiGateway\ApiGateway.csproj", "{88CD0EC4-CF50-4364-B4A2-CD1A4366F2BD}"
EndProject
Project("{FAE04EC0-301F-11D3-BF4B-00C04F79EFBC}") = "Infrastructure", "Infrastructure\Infrastructure.csproj", "{CF1B50FF-D545-456F-B46C-51F0FFA7B95D}"
EndProject
Global
	GlobalSection(SolutionConfigurationPlatforms) = preSolution
		Debug|Any CPU = Debug|Any CPU
		Release|Any CPU = Release|Any CPU
	EndGlobalSection
	GlobalSection(ProjectConfigurationPlatforms) = postSolution
		{5365BAD6-BEB2-4A9C-B681-C0844AC84C13}.Debug|Any CPU.ActiveCfg = Debug|Any CPU
		{5365BAD6-BEB2-4A9C-B681-C0844AC84C13}.Debug|Any CPU.Build.0 = Debug|Any CPU
		{5365BAD6-BEB2-4A9C-B681-C0844AC84C13}.Release|Any CPU.ActiveCfg = Release|Any CPU
		{5365BAD6-BEB2-4A9C-B681-C0844AC84C13}.Release|Any CPU.Build.0 = Release|Any CPU
		{E8605296-C9CC-4E13-8948-B6957B3EAEF6}.Debug|Any CPU.ActiveCfg = Debug|Any CPU
		{E8605296-C9CC-4E13-8948-B6957B3EAEF6}.Debug|Any CPU.Build.0 = Debug|Any CPU
		{E8605296-C9CC-4E13-8948-B6957B3EAEF6}.Release|Any CPU.ActiveCfg = Release|Any CPU
		{E8605296-C9CC-4E13-8948-B6957B3EAEF6}.Release|Any CPU.Build.0 = Release|Any CPU
		{C4C45571-91F2-44D9-A286-44AFB2898633}.Debug|Any CPU.ActiveCfg = Debug|Any CPU
		{C4C45571-91F2-44D9-A286-44AFB2898633}.Debug|Any CPU.Build.0 = Debug|Any CPU
		{C4C45571-91F2-44D9-A286-44AFB2898633}.Release|Any CPU.ActiveCfg = Release|Any CPU
		{C4C45571-91F2-44D9-A286-44AFB2898633}.Release|Any CPU.Build.0 = Release|Any CPU
		{6D6C6705-EC12-4F99-9654-DFDF64DD88EF}.Debug|Any CPU.ActiveCfg = Debug|Any CPU
		{6D6C6705-EC12-4F99-9654-DFDF64DD88EF}.Debug|Any CPU.Build.0 = Debug|Any CPU
		{6D6C6705-EC12-4F99-9654-DFDF64DD88EF}.Release|Any CPU.ActiveCfg = Release|Any CPU
		{6D6C6705-EC12-4F99-9654-DFDF64DD88EF}.Release|Any CPU.Build.0 = Release|Any CPU
		{F5F881E8-4EF8-442F-B8B5-2938E0D2756C}.Debug|Any CPU.ActiveCfg = Debug|Any CPU
		{F5F881E8-4EF8-442F-B8B5-2938E0D2756C}.Debug|Any CPU.Build.0 = Debug|Any CPU
		{F5F881E8-4EF8-442F-B8B5-2938E0D2756C}.Release|Any CPU.ActiveCfg = Release|Any CPU
		{F5F881E8-4EF8-442F-B8B5-2938E0D2756C}.Release|Any CPU.Build.0 = Release|Any CPU
		{88CD0EC4-CF50-4364-B4A2-CD1A4366F2BD}.Debug|Any CPU.ActiveCfg = Debug|Any CPU
		{88CD0EC4-CF50-4364-B4A2-CD1A4366F2BD}.Debug|Any CPU.Build.0 = Debug|Any CPU
		{88CD0EC4-CF50-4364-B4A2-CD1A4366F2BD}.Release|Any CPU.ActiveCfg = Release|Any CPU
		{88CD0EC4-CF50-4364-B4A2-CD1A4366F2BD}.Release|Any CPU.Build.0 = Release|Any CPU
		{CF1B50FF-D545-456F-B46C-51F0FFA7B95D}.Debug|Any CPU.ActiveCfg = Debug|Any CPU
		{CF1B50FF-D545-456F-B46C-51F0FFA7B95D}.Debug|Any CPU.Build.0 = Debug|Any CPU
		{CF1B50FF-D545-456F-B46C-51F0FFA7B95D}.Release|Any CPU.ActiveCfg = Release|Any CPU
		{CF1B50FF-D545-456F-B46C-51F0FFA7B95D}.Release|Any CPU.Build.0 = Release|Any CPU
	EndGlobalSection
	GlobalSection(SolutionProperties) = preSolution
		HideSolutionNode = FALSE
	EndGlobalSection
	GlobalSection(NestedProjects) = preSolution
		{5365BAD6-BEB2-4A9C-B681-C0844AC84C13} = {8661BE6F-1BDD-4B18-A106-EA8FABE2FF87}
		{E8605296-C9CC-4E13-8948-B6957B3EAEF6} = {8661BE6F-1BDD-4B18-A106-EA8FABE2FF87}
		{C4C45571-91F2-44D9-A286-44AFB2898633} = {8661BE6F-1BDD-4B18-A106-EA8FABE2FF87}
		{6D6C6705-EC12-4F99-9654-DFDF64DD88EF} = {325A22B8-23E9-44E2-A041-FC9285932827}
		{F5F881E8-4EF8-442F-B8B5-2938E0D2756C} = {8661BE6F-1BDD-4B18-A106-EA8FABE2FF87}
		{88CD0EC4-CF50-4364-B4A2-CD1A4366F2BD} = {35C03AC3-4171-45FF-AE16-B444D863DC30}
		{CF1B50FF-D545-456F-B46C-51F0FFA7B95D} = {8661BE6F-1BDD-4B18-A106-EA8FABE2FF87}
	EndGlobalSection
	GlobalSection(ExtensibilityGlobals) = postSolution
		SolutionGuid = {D7205DED-8D0F-4BC1-B28F-8AD0DE1930E3}
	EndGlobalSection
EndGlobal
